// !$*UTF8*$!
{
	archiveVersion = 1;
	classes = {
	};
	objectVersion = 56;
	objects = {

/* Begin PBXBuildFile section */
		108F857E106993A6A45426D2 /* Pods_AppStoreJSONApis.framework in Frameworks */ = {isa = PBXBuildFile; fileRef = 525F4A0D1AB5C71248573D3A /* Pods_AppStoreJSONApis.framework */; };
		2EA13F582940A69100D3EDD5 /* SearchResult.swift in Sources */ = {isa = PBXBuildFile; fileRef = 2EA13F572940A69100D3EDD5 /* SearchResult.swift */; };
		2EA13F5B2940AFFA00D3EDD5 /* Service.swift in Sources */ = {isa = PBXBuildFile; fileRef = 2EA13F5A2940AFFA00D3EDD5 /* Service.swift */; };
		2EA13F5E294218D500D3EDD5 /* AppsPageController.swift in Sources */ = {isa = PBXBuildFile; fileRef = 2EA13F5D294218D500D3EDD5 /* AppsPageController.swift */; };
		2EA13F60294219BC00D3EDD5 /* BaseListController.swift in Sources */ = {isa = PBXBuildFile; fileRef = 2EA13F5F294219BC00D3EDD5 /* BaseListController.swift */; };
		2EA13F6429421C9800D3EDD5 /* AppsGroupCell.swift in Sources */ = {isa = PBXBuildFile; fileRef = 2EA13F6329421C9800D3EDD5 /* AppsGroupCell.swift */; };
		2EA13F662942256900D3EDD5 /* AppsHorizontalController.swift in Sources */ = {isa = PBXBuildFile; fileRef = 2EA13F652942256900D3EDD5 /* AppsHorizontalController.swift */; };
		2EA13F682942529100D3EDD5 /* AppRowCell.swift in Sources */ = {isa = PBXBuildFile; fileRef = 2EA13F672942529100D3EDD5 /* AppRowCell.swift */; };
		2EA13F6A2942539800D3EDD5 /* Extensions.swift in Sources */ = {isa = PBXBuildFile; fileRef = 2EA13F692942539800D3EDD5 /* Extensions.swift */; };
		2EA13F6C2942613F00D3EDD5 /* AppsPageHeader.swift in Sources */ = {isa = PBXBuildFile; fileRef = 2EA13F6B2942613F00D3EDD5 /* AppsPageHeader.swift */; };
		2EA13F6E294262FF00D3EDD5 /* AppsHeaderHorizontalController.swift in Sources */ = {isa = PBXBuildFile; fileRef = 2EA13F6D294262FF00D3EDD5 /* AppsHeaderHorizontalController.swift */; };
		2EA13F702942672900D3EDD5 /* AppHeaderCell.swift in Sources */ = {isa = PBXBuildFile; fileRef = 2EA13F6F2942672900D3EDD5 /* AppHeaderCell.swift */; };
		2EA13F722942762B00D3EDD5 /* AppGroup.swift in Sources */ = {isa = PBXBuildFile; fileRef = 2EA13F712942762B00D3EDD5 /* AppGroup.swift */; };
		2EA62E6429435A6600AD1A32 /* SocialApp.swift in Sources */ = {isa = PBXBuildFile; fileRef = 2EA62E6329435A6600AD1A32 /* SocialApp.swift */; };
		2EA62E662943AF4A00AD1A32 /* HorizontalSnappingController.swift in Sources */ = {isa = PBXBuildFile; fileRef = 2EA62E652943AF4A00AD1A32 /* HorizontalSnappingController.swift */; };
		2EA62E682943B6B700AD1A32 /* BetterSnappingLayout.swift in Sources */ = {isa = PBXBuildFile; fileRef = 2EA62E672943B6B700AD1A32 /* BetterSnappingLayout.swift */; };
		2EF5392C293E349B00660F06 /* AppDelegate.swift in Sources */ = {isa = PBXBuildFile; fileRef = 2EF5392B293E349B00660F06 /* AppDelegate.swift */; };
		2EF5392E293E349B00660F06 /* SceneDelegate.swift in Sources */ = {isa = PBXBuildFile; fileRef = 2EF5392D293E349B00660F06 /* SceneDelegate.swift */; };
		2EF53930293E349B00660F06 /* ViewController.swift in Sources */ = {isa = PBXBuildFile; fileRef = 2EF5392F293E349B00660F06 /* ViewController.swift */; };
		2EF53933293E349B00660F06 /* Main.storyboard in Resources */ = {isa = PBXBuildFile; fileRef = 2EF53931293E349B00660F06 /* Main.storyboard */; };
		2EF53935293E349C00660F06 /* Assets.xcassets in Resources */ = {isa = PBXBuildFile; fileRef = 2EF53934293E349C00660F06 /* Assets.xcassets */; };
		2EF53938293E349C00660F06 /* LaunchScreen.storyboard in Resources */ = {isa = PBXBuildFile; fileRef = 2EF53936293E349C00660F06 /* LaunchScreen.storyboard */; };
		2EF53940293E34B300660F06 /* BaseTabBarController.swift in Sources */ = {isa = PBXBuildFile; fileRef = 2EF5393F293E34B300660F06 /* BaseTabBarController.swift */; };
		2EF53945293E573A00660F06 /* AppsSearchController.swift in Sources */ = {isa = PBXBuildFile; fileRef = 2EF53944293E573A00660F06 /* AppsSearchController.swift */; };
		2EF53948293E61D200660F06 /* SearchResultCell.swift in Sources */ = {isa = PBXBuildFile; fileRef = 2EF53947293E61D200660F06 /* SearchResultCell.swift */; };
		2EF5394B293E737E00660F06 /* UIView+Layout.swift in Sources */ = {isa = PBXBuildFile; fileRef = 2EF5394A293E737E00660F06 /* UIView+Layout.swift */; };
		2EF5394D293E822900660F06 /* VerticalStackView.swift in Sources */ = {isa = PBXBuildFile; fileRef = 2EF5394C293E822900660F06 /* VerticalStackView.swift */; };
/* End PBXBuildFile section */

/* Begin PBXFileReference section */
		2EA13F572940A69100D3EDD5 /* SearchResult.swift */ = {isa = PBXFileReference; lastKnownFileType = sourcecode.swift; path = SearchResult.swift; sourceTree = "<group>"; };
		2EA13F5A2940AFFA00D3EDD5 /* Service.swift */ = {isa = PBXFileReference; lastKnownFileType = sourcecode.swift; path = Service.swift; sourceTree = "<group>"; };
		2EA13F5D294218D500D3EDD5 /* AppsPageController.swift */ = {isa = PBXFileReference; lastKnownFileType = sourcecode.swift; path = AppsPageController.swift; sourceTree = "<group>"; };
		2EA13F5F294219BC00D3EDD5 /* BaseListController.swift */ = {isa = PBXFileReference; lastKnownFileType = sourcecode.swift; path = BaseListController.swift; sourceTree = "<group>"; };
		2EA13F6329421C9800D3EDD5 /* AppsGroupCell.swift */ = {isa = PBXFileReference; lastKnownFileType = sourcecode.swift; path = AppsGroupCell.swift; sourceTree = "<group>"; };
		2EA13F652942256900D3EDD5 /* AppsHorizontalController.swift */ = {isa = PBXFileReference; lastKnownFileType = sourcecode.swift; path = AppsHorizontalController.swift; sourceTree = "<group>"; };
		2EA13F672942529100D3EDD5 /* AppRowCell.swift */ = {isa = PBXFileReference; lastKnownFileType = sourcecode.swift; path = AppRowCell.swift; sourceTree = "<group>"; };
		2EA13F692942539800D3EDD5 /* Extensions.swift */ = {isa = PBXFileReference; lastKnownFileType = sourcecode.swift; path = Extensions.swift; sourceTree = "<group>"; };
		2EA13F6B2942613F00D3EDD5 /* AppsPageHeader.swift */ = {isa = PBXFileReference; lastKnownFileType = sourcecode.swift; path = AppsPageHeader.swift; sourceTree = "<group>"; };
		2EA13F6D294262FF00D3EDD5 /* AppsHeaderHorizontalController.swift */ = {isa = PBXFileReference; lastKnownFileType = sourcecode.swift; path = AppsHeaderHorizontalController.swift; sourceTree = "<group>"; };
		2EA13F6F2942672900D3EDD5 /* AppHeaderCell.swift */ = {isa = PBXFileReference; lastKnownFileType = sourcecode.swift; path = AppHeaderCell.swift; sourceTree = "<group>"; };
		2EA13F712942762B00D3EDD5 /* AppGroup.swift */ = {isa = PBXFileReference; lastKnownFileType = sourcecode.swift; path = AppGroup.swift; sourceTree = "<group>"; };
		2EA62E6329435A6600AD1A32 /* SocialApp.swift */ = {isa = PBXFileReference; lastKnownFileType = sourcecode.swift; path = SocialApp.swift; sourceTree = "<group>"; };
		2EA62E652943AF4A00AD1A32 /* HorizontalSnappingController.swift */ = {isa = PBXFileReference; lastKnownFileType = sourcecode.swift; path = HorizontalSnappingController.swift; sourceTree = "<group>"; };
		2EA62E672943B6B700AD1A32 /* BetterSnappingLayout.swift */ = {isa = PBXFileReference; lastKnownFileType = sourcecode.swift; path = BetterSnappingLayout.swift; sourceTree = "<group>"; };
		2EF53928293E349B00660F06 /* AppStoreJSONApis.app */ = {isa = PBXFileReference; explicitFileType = wrapper.application; includeInIndex = 0; path = AppStoreJSONApis.app; sourceTree = BUILT_PRODUCTS_DIR; };
		2EF5392B293E349B00660F06 /* AppDelegate.swift */ = {isa = PBXFileReference; lastKnownFileType = sourcecode.swift; path = AppDelegate.swift; sourceTree = "<group>"; };
		2EF5392D293E349B00660F06 /* SceneDelegate.swift */ = {isa = PBXFileReference; lastKnownFileType = sourcecode.swift; path = SceneDelegate.swift; sourceTree = "<group>"; };
		2EF5392F293E349B00660F06 /* ViewController.swift */ = {isa = PBXFileReference; lastKnownFileType = sourcecode.swift; path = ViewController.swift; sourceTree = "<group>"; };
		2EF53932293E349B00660F06 /* Base */ = {isa = PBXFileReference; lastKnownFileType = file.storyboard; name = Base; path = Base.lproj/Main.storyboard; sourceTree = "<group>"; };
		2EF53934293E349C00660F06 /* Assets.xcassets */ = {isa = PBXFileReference; lastKnownFileType = folder.assetcatalog; path = Assets.xcassets; sourceTree = "<group>"; };
		2EF53937293E349C00660F06 /* Base */ = {isa = PBXFileReference; lastKnownFileType = file.storyboard; name = Base; path = Base.lproj/LaunchScreen.storyboard; sourceTree = "<group>"; };
		2EF53939293E349C00660F06 /* Info.plist */ = {isa = PBXFileReference; lastKnownFileType = text.plist.xml; path = Info.plist; sourceTree = "<group>"; };
		2EF5393F293E34B300660F06 /* BaseTabBarController.swift */ = {isa = PBXFileReference; lastKnownFileType = sourcecode.swift; path = BaseTabBarController.swift; sourceTree = "<group>"; };
		2EF53944293E573A00660F06 /* AppsSearchController.swift */ = {isa = PBXFileReference; lastKnownFileType = sourcecode.swift; path = AppsSearchController.swift; sourceTree = "<group>"; };
		2EF53947293E61D200660F06 /* SearchResultCell.swift */ = {isa = PBXFileReference; lastKnownFileType = sourcecode.swift; path = SearchResultCell.swift; sourceTree = "<group>"; };
		2EF5394A293E737E00660F06 /* UIView+Layout.swift */ = {isa = PBXFileReference; lastKnownFileType = sourcecode.swift; path = "UIView+Layout.swift"; sourceTree = "<group>"; };
		2EF5394C293E822900660F06 /* VerticalStackView.swift */ = {isa = PBXFileReference; lastKnownFileType = sourcecode.swift; path = VerticalStackView.swift; sourceTree = "<group>"; };
		525F4A0D1AB5C71248573D3A /* Pods_AppStoreJSONApis.framework */ = {isa = PBXFileReference; explicitFileType = wrapper.framework; includeInIndex = 0; path = Pods_AppStoreJSONApis.framework; sourceTree = BUILT_PRODUCTS_DIR; };
		E05F91997EE1FE7531EED6C9 /* Pods-AppStoreJSONApis.release.xcconfig */ = {isa = PBXFileReference; includeInIndex = 1; lastKnownFileType = text.xcconfig; name = "Pods-AppStoreJSONApis.release.xcconfig"; path = "Target Support Files/Pods-AppStoreJSONApis/Pods-AppStoreJSONApis.release.xcconfig"; sourceTree = "<group>"; };
		F2E3D8F97CE4F1792FE5B54F /* Pods-AppStoreJSONApis.debug.xcconfig */ = {isa = PBXFileReference; includeInIndex = 1; lastKnownFileType = text.xcconfig; name = "Pods-AppStoreJSONApis.debug.xcconfig"; path = "Target Support Files/Pods-AppStoreJSONApis/Pods-AppStoreJSONApis.debug.xcconfig"; sourceTree = "<group>"; };
/* End PBXFileReference section */

/* Begin PBXFrameworksBuildPhase section */
		2EF53925293E349B00660F06 /* Frameworks */ = {
			isa = PBXFrameworksBuildPhase;
			buildActionMask = 2147483647;
			files = (
				108F857E106993A6A45426D2 /* Pods_AppStoreJSONApis.framework in Frameworks */,
			);
			runOnlyForDeploymentPostprocessing = 0;
		};
/* End PBXFrameworksBuildPhase section */

/* Begin PBXGroup section */
		2EA13F542940A65100D3EDD5 /* Model */ = {
			isa = PBXGroup;
			children = (
				2EA13F572940A69100D3EDD5 /* SearchResult.swift */,
				2EA13F712942762B00D3EDD5 /* AppGroup.swift */,
				2EA62E6329435A6600AD1A32 /* SocialApp.swift */,
			);
			path = Model;
			sourceTree = "<group>";
		};
		2EA13F592940AFE100D3EDD5 /* Service */ = {
			isa = PBXGroup;
			children = (
				2EA13F5A2940AFFA00D3EDD5 /* Service.swift */,
			);
			path = Service;
			sourceTree = "<group>";
		};
		2EA13F5C294218C300D3EDD5 /* Apps */ = {
			isa = PBXGroup;
			children = (
				2EA13F5D294218D500D3EDD5 /* AppsPageController.swift */,
				2EA13F652942256900D3EDD5 /* AppsHorizontalController.swift */,
				2EA13F6D294262FF00D3EDD5 /* AppsHeaderHorizontalController.swift */,
			);
			path = Apps;
			sourceTree = "<group>";
		};
		2EA13F6129421A7400D3EDD5 /* SearchController */ = {
			isa = PBXGroup;
			children = (
				2EF53944293E573A00660F06 /* AppsSearchController.swift */,
			);
			path = SearchController;
			sourceTree = "<group>";
		};
		2EA13F6229421C8100D3EDD5 /* Apps */ = {
			isa = PBXGroup;
			children = (
				2EA13F6329421C9800D3EDD5 /* AppsGroupCell.swift */,
				2EA13F672942529100D3EDD5 /* AppRowCell.swift */,
				2EA13F6B2942613F00D3EDD5 /* AppsPageHeader.swift */,
				2EA13F6F2942672900D3EDD5 /* AppHeaderCell.swift */,
			);
			path = Apps;
			sourceTree = "<group>";
		};
		2EF5391F293E349B00660F06 = {
			isa = PBXGroup;
			children = (
				2EF5392A293E349B00660F06 /* AppStoreJSONApis */,
				2EF53929293E349B00660F06 /* Products */,
				72492D346891DDA153103A17 /* Pods */,
				65449FECADEDB95AE78F69FA /* Frameworks */,
			);
			sourceTree = "<group>";
		};
		2EF53929293E349B00660F06 /* Products */ = {
			isa = PBXGroup;
			children = (
				2EF53928293E349B00660F06 /* AppStoreJSONApis.app */,
			);
			name = Products;
			sourceTree = "<group>";
		};
		2EF5392A293E349B00660F06 /* AppStoreJSONApis */ = {
			isa = PBXGroup;
			children = (
				2EA13F592940AFE100D3EDD5 /* Service */,
				2EA13F542940A65100D3EDD5 /* Model */,
				2EF53949293E72F000660F06 /* Helpers */,
				2EF53946293E619300660F06 /* Views */,
				2EF53943293E56CE00660F06 /* Controller */,
				2EF5392B293E349B00660F06 /* AppDelegate.swift */,
				2EF5392D293E349B00660F06 /* SceneDelegate.swift */,
				2EF5392F293E349B00660F06 /* ViewController.swift */,
				2EF53931293E349B00660F06 /* Main.storyboard */,
				2EF53934293E349C00660F06 /* Assets.xcassets */,
				2EF53936293E349C00660F06 /* LaunchScreen.storyboard */,
				2EF53939293E349C00660F06 /* Info.plist */,
			);
			path = AppStoreJSONApis;
			sourceTree = "<group>";
		};
		2EF53943293E56CE00660F06 /* Controller */ = {
			isa = PBXGroup;
			children = (
				2EA13F6129421A7400D3EDD5 /* SearchController */,
				2EA13F5C294218C300D3EDD5 /* Apps */,
				2EF5393F293E34B300660F06 /* BaseTabBarController.swift */,
				2EA13F5F294219BC00D3EDD5 /* BaseListController.swift */,
				2EA62E652943AF4A00AD1A32 /* HorizontalSnappingController.swift */,
			);
			path = Controller;
			sourceTree = "<group>";
		};
		2EF53946293E619300660F06 /* Views */ = {
			isa = PBXGroup;
			children = (
				2EA13F6229421C8100D3EDD5 /* Apps */,
				2EF53947293E61D200660F06 /* SearchResultCell.swift */,
			);
			path = Views;
			sourceTree = "<group>";
		};
		2EF53949293E72F000660F06 /* Helpers */ = {
			isa = PBXGroup;
			children = (
				2EF5394A293E737E00660F06 /* UIView+Layout.swift */,
				2EF5394C293E822900660F06 /* VerticalStackView.swift */,
				2EA13F692942539800D3EDD5 /* Extensions.swift */,
				2EA62E672943B6B700AD1A32 /* BetterSnappingLayout.swift */,
			);
			path = Helpers;
			sourceTree = "<group>";
		};
		65449FECADEDB95AE78F69FA /* Frameworks */ = {
			isa = PBXGroup;
			children = (
				525F4A0D1AB5C71248573D3A /* Pods_AppStoreJSONApis.framework */,
			);
			name = Frameworks;
			sourceTree = "<group>";
		};
		72492D346891DDA153103A17 /* Pods */ = {
			isa = PBXGroup;
			children = (
				F2E3D8F97CE4F1792FE5B54F /* Pods-AppStoreJSONApis.debug.xcconfig */,
				E05F91997EE1FE7531EED6C9 /* Pods-AppStoreJSONApis.release.xcconfig */,
			);
			path = Pods;
			sourceTree = "<group>";
		};
/* End PBXGroup section */

/* Begin PBXNativeTarget section */
		2EF53927293E349B00660F06 /* AppStoreJSONApis */ = {
			isa = PBXNativeTarget;
			buildConfigurationList = 2EF5393C293E349C00660F06 /* Build configuration list for PBXNativeTarget "AppStoreJSONApis" */;
			buildPhases = (
				97A58B2136F7B60351B9064A /* [CP] Check Pods Manifest.lock */,
				2EF53924293E349B00660F06 /* Sources */,
				2EF53925293E349B00660F06 /* Frameworks */,
				2EF53926293E349B00660F06 /* Resources */,
				9E1D7E2340192D2AEA61C148 /* [CP] Embed Pods Frameworks */,
			);
			buildRules = (
			);
			dependencies = (
			);
			name = AppStoreJSONApis;
			productName = AppStoreJSONApis;
			productReference = 2EF53928293E349B00660F06 /* AppStoreJSONApis.app */;
			productType = "com.apple.product-type.application";
		};
/* End PBXNativeTarget section */

/* Begin PBXProject section */
		2EF53920293E349B00660F06 /* Project object */ = {
			isa = PBXProject;
			attributes = {
				BuildIndependentTargetsInParallel = 1;
				LastSwiftUpdateCheck = 1400;
				LastUpgradeCheck = 1400;
				TargetAttributes = {
					2EF53927293E349B00660F06 = {
						CreatedOnToolsVersion = 14.0.1;
					};
				};
			};
			buildConfigurationList = 2EF53923293E349B00660F06 /* Build configuration list for PBXProject "AppStoreJSONApis" */;
			compatibilityVersion = "Xcode 14.0";
			developmentRegion = en;
			hasScannedForEncodings = 0;
			knownRegions = (
				en,
				Base,
			);
			mainGroup = 2EF5391F293E349B00660F06;
			productRefGroup = 2EF53929293E349B00660F06 /* Products */;
			projectDirPath = "";
			projectRoot = "";
			targets = (
				2EF53927293E349B00660F06 /* AppStoreJSONApis */,
			);
		};
/* End PBXProject section */

/* Begin PBXResourcesBuildPhase section */
		2EF53926293E349B00660F06 /* Resources */ = {
			isa = PBXResourcesBuildPhase;
			buildActionMask = 2147483647;
			files = (
				2EF53938293E349C00660F06 /* LaunchScreen.storyboard in Resources */,
				2EF53935293E349C00660F06 /* Assets.xcassets in Resources */,
				2EF53933293E349B00660F06 /* Main.storyboard in Resources */,
			);
			runOnlyForDeploymentPostprocessing = 0;
		};
/* End PBXResourcesBuildPhase section */

/* Begin PBXShellScriptBuildPhase section */
		97A58B2136F7B60351B9064A /* [CP] Check Pods Manifest.lock */ = {
			isa = PBXShellScriptBuildPhase;
			buildActionMask = 2147483647;
			files = (
			);
			inputFileListPaths = (
			);
			inputPaths = (
				"${PODS_PODFILE_DIR_PATH}/Podfile.lock",
				"${PODS_ROOT}/Manifest.lock",
			);
			name = "[CP] Check Pods Manifest.lock";
			outputFileListPaths = (
			);
			outputPaths = (
				"$(DERIVED_FILE_DIR)/Pods-AppStoreJSONApis-checkManifestLockResult.txt",
			);
			runOnlyForDeploymentPostprocessing = 0;
			shellPath = /bin/sh;
			shellScript = "diff \"${PODS_PODFILE_DIR_PATH}/Podfile.lock\" \"${PODS_ROOT}/Manifest.lock\" > /dev/null\nif [ $? != 0 ] ; then\n    # print error to STDERR\n    echo \"error: The sandbox is not in sync with the Podfile.lock. Run 'pod install' or update your CocoaPods installation.\" >&2\n    exit 1\nfi\n# This output is used by Xcode 'outputs' to avoid re-running this script phase.\necho \"SUCCESS\" > \"${SCRIPT_OUTPUT_FILE_0}\"\n";
			showEnvVarsInLog = 0;
		};
		9E1D7E2340192D2AEA61C148 /* [CP] Embed Pods Frameworks */ = {
			isa = PBXShellScriptBuildPhase;
			buildActionMask = 2147483647;
			files = (
			);
			inputFileListPaths = (
				"${PODS_ROOT}/Target Support Files/Pods-AppStoreJSONApis/Pods-AppStoreJSONApis-frameworks-${CONFIGURATION}-input-files.xcfilelist",
			);
			name = "[CP] Embed Pods Frameworks";
			outputFileListPaths = (
				"${PODS_ROOT}/Target Support Files/Pods-AppStoreJSONApis/Pods-AppStoreJSONApis-frameworks-${CONFIGURATION}-output-files.xcfilelist",
			);
			runOnlyForDeploymentPostprocessing = 0;
			shellPath = /bin/sh;
			shellScript = "\"${PODS_ROOT}/Target Support Files/Pods-AppStoreJSONApis/Pods-AppStoreJSONApis-frameworks.sh\"\n";
			showEnvVarsInLog = 0;
		};
/* End PBXShellScriptBuildPhase section */

/* Begin PBXSourcesBuildPhase section */
		2EF53924293E349B00660F06 /* Sources */ = {
			isa = PBXSourcesBuildPhase;
			buildActionMask = 2147483647;
			files = (
				2EF53940293E34B300660F06 /* BaseTabBarController.swift in Sources */,
				2EA62E6429435A6600AD1A32 /* SocialApp.swift in Sources */,
				2EA13F5E294218D500D3EDD5 /* AppsPageController.swift in Sources */,
				2EA13F582940A69100D3EDD5 /* SearchResult.swift in Sources */,
				2EF53930293E349B00660F06 /* ViewController.swift in Sources */,
				2EF5392C293E349B00660F06 /* AppDelegate.swift in Sources */,
				2EF53945293E573A00660F06 /* AppsSearchController.swift in Sources */,
				2EA13F6429421C9800D3EDD5 /* AppsGroupCell.swift in Sources */,
				2EF53948293E61D200660F06 /* SearchResultCell.swift in Sources */,
				2EA62E662943AF4A00AD1A32 /* HorizontalSnappingController.swift in Sources */,
				2EA62E682943B6B700AD1A32 /* BetterSnappingLayout.swift in Sources */,
				2EF5394D293E822900660F06 /* VerticalStackView.swift in Sources */,
				2EA13F5B2940AFFA00D3EDD5 /* Service.swift in Sources */,
				2EA13F6E294262FF00D3EDD5 /* AppsHeaderHorizontalController.swift in Sources */,
				2EA13F6C2942613F00D3EDD5 /* AppsPageHeader.swift in Sources */,
				2EF5394B293E737E00660F06 /* UIView+Layout.swift in Sources */,
				2EA13F6A2942539800D3EDD5 /* Extensions.swift in Sources */,
				2EA13F60294219BC00D3EDD5 /* BaseListController.swift in Sources */,
				2EA13F722942762B00D3EDD5 /* AppGroup.swift in Sources */,
				2EA13F702942672900D3EDD5 /* AppHeaderCell.swift in Sources */,
				2EF5392E293E349B00660F06 /* SceneDelegate.swift in Sources */,
				2EA13F662942256900D3EDD5 /* AppsHorizontalController.swift in Sources */,
				2EA13F682942529100D3EDD5 /* AppRowCell.swift in Sources */,
			);
			runOnlyForDeploymentPostprocessing = 0;
		};
/* End PBXSourcesBuildPhase section */

/* Begin PBXVariantGroup section */
		2EF53931293E349B00660F06 /* Main.storyboard */ = {
			isa = PBXVariantGroup;
			children = (
				2EF53932293E349B00660F06 /* Base */,
			);
			name = Main.storyboard;
			sourceTree = "<group>";
		};
		2EF53936293E349C00660F06 /* LaunchScreen.storyboard */ = {
			isa = PBXVariantGroup;
			children = (
				2EF53937293E349C00660F06 /* Base */,
			);
			name = LaunchScreen.storyboard;
			sourceTree = "<group>";
		};
/* End PBXVariantGroup section */

/* Begin XCBuildConfiguration section */
		2EF5393A293E349C00660F06 /* Debug */ = {
			isa = XCBuildConfiguration;
			buildSettings = {
				ALWAYS_SEARCH_USER_PATHS = NO;
				CLANG_ANALYZER_NONNULL = YES;
				CLANG_ANALYZER_NUMBER_OBJECT_CONVERSION = YES_AGGRESSIVE;
				CLANG_CXX_LANGUAGE_STANDARD = "gnu++20";
				CLANG_ENABLE_MODULES = YES;
				CLANG_ENABLE_OBJC_ARC = YES;
				CLANG_ENABLE_OBJC_WEAK = YES;
				CLANG_WARN_BLOCK_CAPTURE_AUTORELEASING = YES;
				CLANG_WARN_BOOL_CONVERSION = YES;
				CLANG_WARN_COMMA = YES;
				CLANG_WARN_CONSTANT_CONVERSION = YES;
				CLANG_WARN_DEPRECATED_OBJC_IMPLEMENTATIONS = YES;
				CLANG_WARN_DIRECT_OBJC_ISA_USAGE = YES_ERROR;
				CLANG_WARN_DOCUMENTATION_COMMENTS = YES;
				CLANG_WARN_EMPTY_BODY = YES;
				CLANG_WARN_ENUM_CONVERSION = YES;
				CLANG_WARN_INFINITE_RECURSION = YES;
				CLANG_WARN_INT_CONVERSION = YES;
				CLANG_WARN_NON_LITERAL_NULL_CONVERSION = YES;
				CLANG_WARN_OBJC_IMPLICIT_RETAIN_SELF = YES;
				CLANG_WARN_OBJC_LITERAL_CONVERSION = YES;
				CLANG_WARN_OBJC_ROOT_CLASS = YES_ERROR;
				CLANG_WARN_QUOTED_INCLUDE_IN_FRAMEWORK_HEADER = YES;
				CLANG_WARN_RANGE_LOOP_ANALYSIS = YES;
				CLANG_WARN_STRICT_PROTOTYPES = YES;
				CLANG_WARN_SUSPICIOUS_MOVE = YES;
				CLANG_WARN_UNGUARDED_AVAILABILITY = YES_AGGRESSIVE;
				CLANG_WARN_UNREACHABLE_CODE = YES;
				CLANG_WARN__DUPLICATE_METHOD_MATCH = YES;
				COPY_PHASE_STRIP = NO;
				DEBUG_INFORMATION_FORMAT = dwarf;
				ENABLE_STRICT_OBJC_MSGSEND = YES;
				ENABLE_TESTABILITY = YES;
				GCC_C_LANGUAGE_STANDARD = gnu11;
				GCC_DYNAMIC_NO_PIC = NO;
				GCC_NO_COMMON_BLOCKS = YES;
				GCC_OPTIMIZATION_LEVEL = 0;
				GCC_PREPROCESSOR_DEFINITIONS = (
					"DEBUG=1",
					"$(inherited)",
				);
				GCC_WARN_64_TO_32_BIT_CONVERSION = YES;
				GCC_WARN_ABOUT_RETURN_TYPE = YES_ERROR;
				GCC_WARN_UNDECLARED_SELECTOR = YES;
				GCC_WARN_UNINITIALIZED_AUTOS = YES_AGGRESSIVE;
				GCC_WARN_UNUSED_FUNCTION = YES;
				GCC_WARN_UNUSED_VARIABLE = YES;
				IPHONEOS_DEPLOYMENT_TARGET = 16.0;
				MTL_ENABLE_DEBUG_INFO = INCLUDE_SOURCE;
				MTL_FAST_MATH = YES;
				ONLY_ACTIVE_ARCH = YES;
				SDKROOT = iphoneos;
				SWIFT_ACTIVE_COMPILATION_CONDITIONS = DEBUG;
				SWIFT_OPTIMIZATION_LEVEL = "-Onone";
			};
			name = Debug;
		};
		2EF5393B293E349C00660F06 /* Release */ = {
			isa = XCBuildConfiguration;
			buildSettings = {
				ALWAYS_SEARCH_USER_PATHS = NO;
				CLANG_ANALYZER_NONNULL = YES;
				CLANG_ANALYZER_NUMBER_OBJECT_CONVERSION = YES_AGGRESSIVE;
				CLANG_CXX_LANGUAGE_STANDARD = "gnu++20";
				CLANG_ENABLE_MODULES = YES;
				CLANG_ENABLE_OBJC_ARC = YES;
				CLANG_ENABLE_OBJC_WEAK = YES;
				CLANG_WARN_BLOCK_CAPTURE_AUTORELEASING = YES;
				CLANG_WARN_BOOL_CONVERSION = YES;
				CLANG_WARN_COMMA = YES;
				CLANG_WARN_CONSTANT_CONVERSION = YES;
				CLANG_WARN_DEPRECATED_OBJC_IMPLEMENTATIONS = YES;
				CLANG_WARN_DIRECT_OBJC_ISA_USAGE = YES_ERROR;
				CLANG_WARN_DOCUMENTATION_COMMENTS = YES;
				CLANG_WARN_EMPTY_BODY = YES;
				CLANG_WARN_ENUM_CONVERSION = YES;
				CLANG_WARN_INFINITE_RECURSION = YES;
				CLANG_WARN_INT_CONVERSION = YES;
				CLANG_WARN_NON_LITERAL_NULL_CONVERSION = YES;
				CLANG_WARN_OBJC_IMPLICIT_RETAIN_SELF = YES;
				CLANG_WARN_OBJC_LITERAL_CONVERSION = YES;
				CLANG_WARN_OBJC_ROOT_CLASS = YES_ERROR;
				CLANG_WARN_QUOTED_INCLUDE_IN_FRAMEWORK_HEADER = YES;
				CLANG_WARN_RANGE_LOOP_ANALYSIS = YES;
				CLANG_WARN_STRICT_PROTOTYPES = YES;
				CLANG_WARN_SUSPICIOUS_MOVE = YES;
				CLANG_WARN_UNGUARDED_AVAILABILITY = YES_AGGRESSIVE;
				CLANG_WARN_UNREACHABLE_CODE = YES;
				CLANG_WARN__DUPLICATE_METHOD_MATCH = YES;
				COPY_PHASE_STRIP = NO;
				DEBUG_INFORMATION_FORMAT = "dwarf-with-dsym";
				ENABLE_NS_ASSERTIONS = NO;
				ENABLE_STRICT_OBJC_MSGSEND = YES;
				GCC_C_LANGUAGE_STANDARD = gnu11;
				GCC_NO_COMMON_BLOCKS = YES;
				GCC_WARN_64_TO_32_BIT_CONVERSION = YES;
				GCC_WARN_ABOUT_RETURN_TYPE = YES_ERROR;
				GCC_WARN_UNDECLARED_SELECTOR = YES;
				GCC_WARN_UNINITIALIZED_AUTOS = YES_AGGRESSIVE;
				GCC_WARN_UNUSED_FUNCTION = YES;
				GCC_WARN_UNUSED_VARIABLE = YES;
				IPHONEOS_DEPLOYMENT_TARGET = 16.0;
				MTL_ENABLE_DEBUG_INFO = NO;
				MTL_FAST_MATH = YES;
				SDKROOT = iphoneos;
				SWIFT_COMPILATION_MODE = wholemodule;
				SWIFT_OPTIMIZATION_LEVEL = "-O";
				VALIDATE_PRODUCT = YES;
			};
			name = Release;
		};
		2EF5393D293E349C00660F06 /* Debug */ = {
			isa = XCBuildConfiguration;
			baseConfigurationReference = F2E3D8F97CE4F1792FE5B54F /* Pods-AppStoreJSONApis.debug.xcconfig */;
			buildSettings = {
				ASSETCATALOG_COMPILER_APPICON_NAME = AppIcon;
				ASSETCATALOG_COMPILER_GLOBAL_ACCENT_COLOR_NAME = AccentColor;
				CODE_SIGN_STYLE = Automatic;
				CURRENT_PROJECT_VERSION = 1;
				DEVELOPMENT_TEAM = 34GKX882TW;
				GENERATE_INFOPLIST_FILE = YES;
				INFOPLIST_FILE = AppStoreJSONApis/Info.plist;
				INFOPLIST_KEY_UIApplicationSupportsIndirectInputEvents = YES;
				INFOPLIST_KEY_UILaunchStoryboardName = LaunchScreen;
				INFOPLIST_KEY_UIMainStoryboardFile = Main;
				INFOPLIST_KEY_UISupportedInterfaceOrientations_iPad = "UIInterfaceOrientationPortrait UIInterfaceOrientationPortraitUpsideDown UIInterfaceOrientationLandscapeLeft UIInterfaceOrientationLandscapeRight";
				INFOPLIST_KEY_UISupportedInterfaceOrientations_iPhone = "UIInterfaceOrientationPortrait UIInterfaceOrientationLandscapeLeft UIInterfaceOrientationLandscapeRight";
				LD_RUNPATH_SEARCH_PATHS = (
					"$(inherited)",
					"@executable_path/Frameworks",
				);
				MARKETING_VERSION = 1.0;
				PRODUCT_BUNDLE_IDENTIFIER = com.muhammedgul.AppStoreJSONApis;
				PRODUCT_NAME = "$(TARGET_NAME)";
				SWIFT_EMIT_LOC_STRINGS = YES;
				SWIFT_VERSION = 5.0;
				TARGETED_DEVICE_FAMILY = "1,2";
			};
			name = Debug;
		};
		2EF5393E293E349C00660F06 /* Release */ = {
			isa = XCBuildConfiguration;
			baseConfigurationReference = E05F91997EE1FE7531EED6C9 /* Pods-AppStoreJSONApis.release.xcconfig */;
			buildSettings = {
				ASSETCATALOG_COMPILER_APPICON_NAME = AppIcon;
				ASSETCATALOG_COMPILER_GLOBAL_ACCENT_COLOR_NAME = AccentColor;
				CODE_SIGN_STYLE = Automatic;
				CURRENT_PROJECT_VERSION = 1;
				DEVELOPMENT_TEAM = 34GKX882TW;
				GENERATE_INFOPLIST_FILE = YES;
				INFOPLIST_FILE = AppStoreJSONApis/Info.plist;
				INFOPLIST_KEY_UIApplicationSupportsIndirectInputEvents = YES;
				INFOPLIST_KEY_UILaunchStoryboardName = LaunchScreen;
				INFOPLIST_KEY_UIMainStoryboardFile = Main;
				INFOPLIST_KEY_UISupportedInterfaceOrientations_iPad = "UIInterfaceOrientationPortrait UIInterfaceOrientationPortraitUpsideDown UIInterfaceOrientationLandscapeLeft UIInterfaceOrientationLandscapeRight";
				INFOPLIST_KEY_UISupportedInterfaceOrientations_iPhone = "UIInterfaceOrientationPortrait UIInterfaceOrientationLandscapeLeft UIInterfaceOrientationLandscapeRight";
				LD_RUNPATH_SEARCH_PATHS = (
					"$(inherited)",
					"@executable_path/Frameworks",
				);
				MARKETING_VERSION = 1.0;
				PRODUCT_BUNDLE_IDENTIFIER = com.muhammedgul.AppStoreJSONApis;
				PRODUCT_NAME = "$(TARGET_NAME)";
				SWIFT_EMIT_LOC_STRINGS = YES;
				SWIFT_VERSION = 5.0;
				TARGETED_DEVICE_FAMILY = "1,2";
			};
			name = Release;
		};
/* End XCBuildConfiguration section */

/* Begin XCConfigurationList section */
		2EF53923293E349B00660F06 /* Build configuration list for PBXProject "AppStoreJSONApis" */ = {
			isa = XCConfigurationList;
			buildConfigurations = (
				2EF5393A293E349C00660F06 /* Debug */,
				2EF5393B293E349C00660F06 /* Release */,
			);
			defaultConfigurationIsVisible = 0;
			defaultConfigurationName = Release;
		};
		2EF5393C293E349C00660F06 /* Build configuration list for PBXNativeTarget "AppStoreJSONApis" */ = {
			isa = XCConfigurationList;
			buildConfigurations = (
				2EF5393D293E349C00660F06 /* Debug */,
				2EF5393E293E349C00660F06 /* Release */,
			);
			defaultConfigurationIsVisible = 0;
			defaultConfigurationName = Release;
		};
/* End XCConfigurationList section */
	};
	rootObject = 2EF53920293E349B00660F06 /* Project object */;
}
