// !$*UTF8*$!
{
	archiveVersion = 1;
	classes = {
	};
	objectVersion = 56;
	objects = {

/* Begin PBXBuildFile section */
		2EA13F582940A69100D3EDD5 /* SearchResult.swift in Sources */ = {isa = PBXBuildFile; fileRef = 2EA13F572940A69100D3EDD5 /* SearchResult.swift */; };
		2EF5392C293E349B00660F06 /* AppDelegate.swift in Sources */ = {isa = PBXBuildFile; fileRef = 2EF5392B293E349B00660F06 /* AppDelegate.swift */; };
		2EF5392E293E349B00660F06 /* SceneDelegate.swift in Sources */ = {isa = PBXBuildFile; fileRef = 2EF5392D293E349B00660F06 /* SceneDelegate.swift */; };
		2EF53930293E349B00660F06 /* ViewController.swift in Sources */ = {isa = PBXBuildFile; fileRef = 2EF5392F293E349B00660F06 /* ViewController.swift */; };
		2EF53933293E349B00660F06 /* Main.storyboard in Resources */ = {isa = PBXBuildFile; fileRef = 2EF53931293E349B00660F06 /* Main.storyboard */; };
		2EF53935293E349C00660F06 /* Assets.xcassets in Resources */ = {isa = PBXBuildFile; fileRef = 2EF53934293E349C00660F06 /* Assets.xcassets */; };
		2EF53938293E349C00660F06 /* LaunchScreen.storyboard in Resources */ = {isa = PBXBuildFile; fileRef = 2EF53936293E349C00660F06 /* LaunchScreen.storyboard */; };
		2EF53940293E34B300660F06 /* BaseTabBarController.swift in Sources */ = {isa = PBXBuildFile; fileRef = 2EF5393F293E34B300660F06 /* BaseTabBarController.swift */; };
		2EF53945293E573A00660F06 /* AppsSearchController.swift in Sources */ = {isa = PBXBuildFile; fileRef = 2EF53944293E573A00660F06 /* AppsSearchController.swift */; };
		2EF53948293E61D200660F06 /* SearchResultCell.swift in Sources */ = {isa = PBXBuildFile; fileRef = 2EF53947293E61D200660F06 /* SearchResultCell.swift */; };
		2EF5394B293E737E00660F06 /* UIView+Layout.swift in Sources */ = {isa = PBXBuildFile; fileRef = 2EF5394A293E737E00660F06 /* UIView+Layout.swift */; };
		2EF5394D293E822900660F06 /* VerticalStackView.swift in Sources */ = {isa = PBXBuildFile; fileRef = 2EF5394C293E822900660F06 /* VerticalStackView.swift */; };
/* End PBXBuildFile section */

/* Begin PBXFileReference section */
		2EA13F572940A69100D3EDD5 /* SearchResult.swift */ = {isa = PBXFileReference; lastKnownFileType = sourcecode.swift; path = SearchResult.swift; sourceTree = "<group>"; };
		2EF53928293E349B00660F06 /* AppStoreJSONApis.app */ = {isa = PBXFileReference; explicitFileType = wrapper.application; includeInIndex = 0; path = AppStoreJSONApis.app; sourceTree = BUILT_PRODUCTS_DIR; };
		2EF5392B293E349B00660F06 /* AppDelegate.swift */ = {isa = PBXFileReference; lastKnownFileType = sourcecode.swift; path = AppDelegate.swift; sourceTree = "<group>"; };
		2EF5392D293E349B00660F06 /* SceneDelegate.swift */ = {isa = PBXFileReference; lastKnownFileType = sourcecode.swift; path = SceneDelegate.swift; sourceTree = "<group>"; };
		2EF5392F293E349B00660F06 /* ViewController.swift */ = {isa = PBXFileReference; lastKnownFileType = sourcecode.swift; path = ViewController.swift; sourceTree = "<group>"; };
		2EF53932293E349B00660F06 /* Base */ = {isa = PBXFileReference; lastKnownFileType = file.storyboard; name = Base; path = Base.lproj/Main.storyboard; sourceTree = "<group>"; };
		2EF53934293E349C00660F06 /* Assets.xcassets */ = {isa = PBXFileReference; lastKnownFileType = folder.assetcatalog; path = Assets.xcassets; sourceTree = "<group>"; };
		2EF53937293E349C00660F06 /* Base */ = {isa = PBXFileReference; lastKnownFileType = file.storyboard; name = Base; path = Base.lproj/LaunchScreen.storyboard; sourceTree = "<group>"; };
		2EF53939293E349C00660F06 /* Info.plist */ = {isa = PBXFileReference; lastKnownFileType = text.plist.xml; path = Info.plist; sourceTree = "<group>"; };
		2EF5393F293E34B300660F06 /* BaseTabBarController.swift */ = {isa = PBXFileReference; lastKnownFileType = sourcecode.swift; path = BaseTabBarController.swift; sourceTree = "<group>"; };
		2EF53944293E573A00660F06 /* AppsSearchController.swift */ = {isa = PBXFileReference; lastKnownFileType = sourcecode.swift; path = AppsSearchController.swift; sourceTree = "<group>"; };
		2EF53947293E61D200660F06 /* SearchResultCell.swift */ = {isa = PBXFileReference; lastKnownFileType = sourcecode.swift; path = SearchResultCell.swift; sourceTree = "<group>"; };
		2EF5394A293E737E00660F06 /* UIView+Layout.swift */ = {isa = PBXFileReference; lastKnownFileType = sourcecode.swift; path = "UIView+Layout.swift"; sourceTree = "<group>"; };
		2EF5394C293E822900660F06 /* VerticalStackView.swift */ = {isa = PBXFileReference; lastKnownFileType = sourcecode.swift; path = VerticalStackView.swift; sourceTree = "<group>"; };
/* End PBXFileReference section */

/* Begin PBXFrameworksBuildPhase section */
		2EF53925293E349B00660F06 /* Frameworks */ = {
			isa = PBXFrameworksBuildPhase;
			buildActionMask = 2147483647;
			files = (
			);
			runOnlyForDeploymentPostprocessing = 0;
		};
/* End PBXFrameworksBuildPhase section */

/* Begin PBXGroup section */
		2EA13F542940A65100D3EDD5 /* Model */ = {
			isa = PBXGroup;
			children = (
				2EA13F572940A69100D3EDD5 /* SearchResult.swift */,
			);
			path = Model;
			sourceTree = "<group>";
		};
		2EF5391F293E349B00660F06 = {
			isa = PBXGroup;
			children = (
				2EF5392A293E349B00660F06 /* AppStoreJSONApis */,
				2EF53929293E349B00660F06 /* Products */,
			);
			sourceTree = "<group>";
		};
		2EF53929293E349B00660F06 /* Products */ = {
			isa = PBXGroup;
			children = (
				2EF53928293E349B00660F06 /* AppStoreJSONApis.app */,
			);
			name = Products;
			sourceTree = "<group>";
		};
		2EF5392A293E349B00660F06 /* AppStoreJSONApis */ = {
			isa = PBXGroup;
			children = (
				2EA13F542940A65100D3EDD5 /* Model */,
				2EF53949293E72F000660F06 /* Helpers */,
				2EF53946293E619300660F06 /* Views */,
				2EF53943293E56CE00660F06 /* Controller */,
				2EF5392B293E349B00660F06 /* AppDelegate.swift */,
				2EF5392D293E349B00660F06 /* SceneDelegate.swift */,
				2EF5392F293E349B00660F06 /* ViewController.swift */,
				2EF53931293E349B00660F06 /* Main.storyboard */,
				2EF53934293E349C00660F06 /* Assets.xcassets */,
				2EF53936293E349C00660F06 /* LaunchScreen.storyboard */,
				2EF53939293E349C00660F06 /* Info.plist */,
			);
			path = AppStoreJSONApis;
			sourceTree = "<group>";
		};
		2EF53943293E56CE00660F06 /* Controller */ = {
			isa = PBXGroup;
			children = (
				2EF5393F293E34B300660F06 /* BaseTabBarController.swift */,
				2EF53944293E573A00660F06 /* AppsSearchController.swift */,
			);
			path = Controller;
			sourceTree = "<group>";
		};
		2EF53946293E619300660F06 /* Views */ = {
			isa = PBXGroup;
			children = (
				2EF53947293E61D200660F06 /* SearchResultCell.swift */,
			);
			path = Views;
			sourceTree = "<group>";
		};
		2EF53949293E72F000660F06 /* Helpers */ = {
			isa = PBXGroup;
			children = (
				2EF5394A293E737E00660F06 /* UIView+Layout.swift */,
				2EF5394C293E822900660F06 /* VerticalStackView.swift */,
			);
			path = Helpers;
			sourceTree = "<group>";
		};
/* End PBXGroup section */

/* Begin PBXNativeTarget section */
		2EF53927293E349B00660F06 /* AppStoreJSONApis */ = {
			isa = PBXNativeTarget;
			buildConfigurationList = 2EF5393C293E349C00660F06 /* Build configuration list for PBXNativeTarget "AppStoreJSONApis" */;
			buildPhases = (
				2EF53924293E349B00660F06 /* Sources */,
				2EF53925293E349B00660F06 /* Frameworks */,
				2EF53926293E349B00660F06 /* Resources */,
			);
			buildRules = (
			);
			dependencies = (
			);
			name = AppStoreJSONApis;
			productName = AppStoreJSONApis;
			productReference = 2EF53928293E349B00660F06 /* AppStoreJSONApis.app */;
			productType = "com.apple.product-type.application";
		};
/* End PBXNativeTarget section */

/* Begin PBXProject section */
		2EF53920293E349B00660F06 /* Project object */ = {
			isa = PBXProject;
			attributes = {
				BuildIndependentTargetsInParallel = 1;
				LastSwiftUpdateCheck = 1400;
				LastUpgradeCheck = 1400;
				TargetAttributes = {
					2EF53927293E349B00660F06 = {
						CreatedOnToolsVersion = 14.0.1;
					};
				};
			};
			buildConfigurationList = 2EF53923293E349B00660F06 /* Build configuration list for PBXProject "AppStoreJSONApis" */;
			compatibilityVersion = "Xcode 14.0";
			developmentRegion = en;
			hasScannedForEncodings = 0;
			knownRegions = (
				en,
				Base,
			);
			mainGroup = 2EF5391F293E349B00660F06;
			productRefGroup = 2EF53929293E349B00660F06 /* Products */;
			projectDirPath = "";
			projectRoot = "";
			targets = (
				2EF53927293E349B00660F06 /* AppStoreJSONApis */,
			);
		};
/* End PBXProject section */

/* Begin PBXResourcesBuildPhase section */
		2EF53926293E349B00660F06 /* Resources */ = {
			isa = PBXResourcesBuildPhase;
			buildActionMask = 2147483647;
			files = (
				2EF53938293E349C00660F06 /* LaunchScreen.storyboard in Resources */,
				2EF53935293E349C00660F06 /* Assets.xcassets in Resources */,
				2EF53933293E349B00660F06 /* Main.storyboard in Resources */,
			);
			runOnlyForDeploymentPostprocessing = 0;
		};
/* End PBXResourcesBuildPhase section */

/* Begin PBXSourcesBuildPhase section */
		2EF53924293E349B00660F06 /* Sources */ = {
			isa = PBXSourcesBuildPhase;
			buildActionMask = 2147483647;
			files = (
				2EF53940293E34B300660F06 /* BaseTabBarController.swift in Sources */,
				2EA13F582940A69100D3EDD5 /* SearchResult.swift in Sources */,
				2EF53930293E349B00660F06 /* ViewController.swift in Sources */,
				2EF5392C293E349B00660F06 /* AppDelegate.swift in Sources */,
				2EF53945293E573A00660F06 /* AppsSearchController.swift in Sources */,
				2EF53948293E61D200660F06 /* SearchResultCell.swift in Sources */,
				2EF5394D293E822900660F06 /* VerticalStackView.swift in Sources */,
				2EF5394B293E737E00660F06 /* UIView+Layout.swift in Sources */,
				2EF5392E293E349B00660F06 /* SceneDelegate.swift in Sources */,
			);
			runOnlyForDeploymentPostprocessing = 0;
		};
/* End PBXSourcesBuildPhase section */

/* Begin PBXVariantGroup section */
		2EF53931293E349B00660F06 /* Main.storyboard */ = {
			isa = PBXVariantGroup;
			children = (
				2EF53932293E349B00660F06 /* Base */,
			);
			name = Main.storyboard;
			sourceTree = "<group>";
		};
		2EF53936293E349C00660F06 /* LaunchScreen.storyboard */ = {
			isa = PBXVariantGroup;
			children = (
				2EF53937293E349C00660F06 /* Base */,
			);
			name = LaunchScreen.storyboard;
			sourceTree = "<group>";
		};
/* End PBXVariantGroup section */

/* Begin XCBuildConfiguration section */
		2EF5393A293E349C00660F06 /* Debug */ = {
			isa = XCBuildConfiguration;
			buildSettings = {
				ALWAYS_SEARCH_USER_PATHS = NO;
				CLANG_ANALYZER_NONNULL = YES;
				CLANG_ANALYZER_NUMBER_OBJECT_CONVERSION = YES_AGGRESSIVE;
				CLANG_CXX_LANGUAGE_STANDARD = "gnu++20";
				CLANG_ENABLE_MODULES = YES;
				CLANG_ENABLE_OBJC_ARC = YES;
				CLANG_ENABLE_OBJC_WEAK = YES;
				CLANG_WARN_BLOCK_CAPTURE_AUTORELEASING = YES;
				CLANG_WARN_BOOL_CONVERSION = YES;
				CLANG_WARN_COMMA = YES;
				CLANG_WARN_CONSTANT_CONVERSION = YES;
				CLANG_WARN_DEPRECATED_OBJC_IMPLEMENTATIONS = YES;
				CLANG_WARN_DIRECT_OBJC_ISA_USAGE = YES_ERROR;
				CLANG_WARN_DOCUMENTATION_COMMENTS = YES;
				CLANG_WARN_EMPTY_BODY = YES;
				CLANG_WARN_ENUM_CONVERSION = YES;
				CLANG_WARN_INFINITE_RECURSION = YES;
				CLANG_WARN_INT_CONVERSION = YES;
				CLANG_WARN_NON_LITERAL_NULL_CONVERSION = YES;
				CLANG_WARN_OBJC_IMPLICIT_RETAIN_SELF = YES;
				CLANG_WARN_OBJC_LITERAL_CONVERSION = YES;
				CLANG_WARN_OBJC_ROOT_CLASS = YES_ERROR;
				CLANG_WARN_QUOTED_INCLUDE_IN_FRAMEWORK_HEADER = YES;
				CLANG_WARN_RANGE_LOOP_ANALYSIS = YES;
				CLANG_WARN_STRICT_PROTOTYPES = YES;
				CLANG_WARN_SUSPICIOUS_MOVE = YES;
				CLANG_WARN_UNGUARDED_AVAILABILITY = YES_AGGRESSIVE;
				CLANG_WARN_UNREACHABLE_CODE = YES;
				CLANG_WARN__DUPLICATE_METHOD_MATCH = YES;
				COPY_PHASE_STRIP = NO;
				DEBUG_INFORMATION_FORMAT = dwarf;
				ENABLE_STRICT_OBJC_MSGSEND = YES;
				ENABLE_TESTABILITY = YES;
				GCC_C_LANGUAGE_STANDARD = gnu11;
				GCC_DYNAMIC_NO_PIC = NO;
				GCC_NO_COMMON_BLOCKS = YES;
				GCC_OPTIMIZATION_LEVEL = 0;
				GCC_PREPROCESSOR_DEFINITIONS = (
					"DEBUG=1",
					"$(inherited)",
				);
				GCC_WARN_64_TO_32_BIT_CONVERSION = YES;
				GCC_WARN_ABOUT_RETURN_TYPE = YES_ERROR;
				GCC_WARN_UNDECLARED_SELECTOR = YES;
				GCC_WARN_UNINITIALIZED_AUTOS = YES_AGGRESSIVE;
				GCC_WARN_UNUSED_FUNCTION = YES;
				GCC_WARN_UNUSED_VARIABLE = YES;
				IPHONEOS_DEPLOYMENT_TARGET = 16.0;
				MTL_ENABLE_DEBUG_INFO = INCLUDE_SOURCE;
				MTL_FAST_MATH = YES;
				ONLY_ACTIVE_ARCH = YES;
				SDKROOT = iphoneos;
				SWIFT_ACTIVE_COMPILATION_CONDITIONS = DEBUG;
				SWIFT_OPTIMIZATION_LEVEL = "-Onone";
			};
			name = Debug;
		};
		2EF5393B293E349C00660F06 /* Release */ = {
			isa = XCBuildConfiguration;
			buildSettings = {
				ALWAYS_SEARCH_USER_PATHS = NO;
				CLANG_ANALYZER_NONNULL = YES;
				CLANG_ANALYZER_NUMBER_OBJECT_CONVERSION = YES_AGGRESSIVE;
				CLANG_CXX_LANGUAGE_STANDARD = "gnu++20";
				CLANG_ENABLE_MODULES = YES;
				CLANG_ENABLE_OBJC_ARC = YES;
				CLANG_ENABLE_OBJC_WEAK = YES;
				CLANG_WARN_BLOCK_CAPTURE_AUTORELEASING = YES;
				CLANG_WARN_BOOL_CONVERSION = YES;
				CLANG_WARN_COMMA = YES;
				CLANG_WARN_CONSTANT_CONVERSION = YES;
				CLANG_WARN_DEPRECATED_OBJC_IMPLEMENTATIONS = YES;
				CLANG_WARN_DIRECT_OBJC_ISA_USAGE = YES_ERROR;
				CLANG_WARN_DOCUMENTATION_COMMENTS = YES;
				CLANG_WARN_EMPTY_BODY = YES;
				CLANG_WARN_ENUM_CONVERSION = YES;
				CLANG_WARN_INFINITE_RECURSION = YES;
				CLANG_WARN_INT_CONVERSION = YES;
				CLANG_WARN_NON_LITERAL_NULL_CONVERSION = YES;
				CLANG_WARN_OBJC_IMPLICIT_RETAIN_SELF = YES;
				CLANG_WARN_OBJC_LITERAL_CONVERSION = YES;
				CLANG_WARN_OBJC_ROOT_CLASS = YES_ERROR;
				CLANG_WARN_QUOTED_INCLUDE_IN_FRAMEWORK_HEADER = YES;
				CLANG_WARN_RANGE_LOOP_ANALYSIS = YES;
				CLANG_WARN_STRICT_PROTOTYPES = YES;
				CLANG_WARN_SUSPICIOUS_MOVE = YES;
				CLANG_WARN_UNGUARDED_AVAILABILITY = YES_AGGRESSIVE;
				CLANG_WARN_UNREACHABLE_CODE = YES;
				CLANG_WARN__DUPLICATE_METHOD_MATCH = YES;
				COPY_PHASE_STRIP = NO;
				DEBUG_INFORMATION_FORMAT = "dwarf-with-dsym";
				ENABLE_NS_ASSERTIONS = NO;
				ENABLE_STRICT_OBJC_MSGSEND = YES;
				GCC_C_LANGUAGE_STANDARD = gnu11;
				GCC_NO_COMMON_BLOCKS = YES;
				GCC_WARN_64_TO_32_BIT_CONVERSION = YES;
				GCC_WARN_ABOUT_RETURN_TYPE = YES_ERROR;
				GCC_WARN_UNDECLARED_SELECTOR = YES;
				GCC_WARN_UNINITIALIZED_AUTOS = YES_AGGRESSIVE;
				GCC_WARN_UNUSED_FUNCTION = YES;
				GCC_WARN_UNUSED_VARIABLE = YES;
				IPHONEOS_DEPLOYMENT_TARGET = 16.0;
				MTL_ENABLE_DEBUG_INFO = NO;
				MTL_FAST_MATH = YES;
				SDKROOT = iphoneos;
				SWIFT_COMPILATION_MODE = wholemodule;
				SWIFT_OPTIMIZATION_LEVEL = "-O";
				VALIDATE_PRODUCT = YES;
			};
			name = Release;
		};
		2EF5393D293E349C00660F06 /* Debug */ = {
			isa = XCBuildConfiguration;
			buildSettings = {
				ASSETCATALOG_COMPILER_APPICON_NAME = AppIcon;
				ASSETCATALOG_COMPILER_GLOBAL_ACCENT_COLOR_NAME = AccentColor;
				CODE_SIGN_STYLE = Automatic;
				CURRENT_PROJECT_VERSION = 1;
				DEVELOPMENT_TEAM = 34GKX882TW;
				GENERATE_INFOPLIST_FILE = YES;
				INFOPLIST_FILE = AppStoreJSONApis/Info.plist;
				INFOPLIST_KEY_UIApplicationSupportsIndirectInputEvents = YES;
				INFOPLIST_KEY_UILaunchStoryboardName = LaunchScreen;
				INFOPLIST_KEY_UIMainStoryboardFile = Main;
				INFOPLIST_KEY_UISupportedInterfaceOrientations_iPad = "UIInterfaceOrientationPortrait UIInterfaceOrientationPortraitUpsideDown UIInterfaceOrientationLandscapeLeft UIInterfaceOrientationLandscapeRight";
				INFOPLIST_KEY_UISupportedInterfaceOrientations_iPhone = "UIInterfaceOrientationPortrait UIInterfaceOrientationLandscapeLeft UIInterfaceOrientationLandscapeRight";
				LD_RUNPATH_SEARCH_PATHS = (
					"$(inherited)",
					"@executable_path/Frameworks",
				);
				MARKETING_VERSION = 1.0;
				PRODUCT_BUNDLE_IDENTIFIER = com.muhammedgul.AppStoreJSONApis;
				PRODUCT_NAME = "$(TARGET_NAME)";
				SWIFT_EMIT_LOC_STRINGS = YES;
				SWIFT_VERSION = 5.0;
				TARGETED_DEVICE_FAMILY = "1,2";
			};
			name = Debug;
		};
		2EF5393E293E349C00660F06 /* Release */ = {
			isa = XCBuildConfiguration;
			buildSettings = {
				ASSETCATALOG_COMPILER_APPICON_NAME = AppIcon;
				ASSETCATALOG_COMPILER_GLOBAL_ACCENT_COLOR_NAME = AccentColor;
				CODE_SIGN_STYLE = Automatic;
				CURRENT_PROJECT_VERSION = 1;
				DEVELOPMENT_TEAM = 34GKX882TW;
				GENERATE_INFOPLIST_FILE = YES;
				INFOPLIST_FILE = AppStoreJSONApis/Info.plist;
				INFOPLIST_KEY_UIApplicationSupportsIndirectInputEvents = YES;
				INFOPLIST_KEY_UILaunchStoryboardName = LaunchScreen;
				INFOPLIST_KEY_UIMainStoryboardFile = Main;
				INFOPLIST_KEY_UISupportedInterfaceOrientations_iPad = "UIInterfaceOrientationPortrait UIInterfaceOrientationPortraitUpsideDown UIInterfaceOrientationLandscapeLeft UIInterfaceOrientationLandscapeRight";
				INFOPLIST_KEY_UISupportedInterfaceOrientations_iPhone = "UIInterfaceOrientationPortrait UIInterfaceOrientationLandscapeLeft UIInterfaceOrientationLandscapeRight";
				LD_RUNPATH_SEARCH_PATHS = (
					"$(inherited)",
					"@executable_path/Frameworks",
				);
				MARKETING_VERSION = 1.0;
				PRODUCT_BUNDLE_IDENTIFIER = com.muhammedgul.AppStoreJSONApis;
				PRODUCT_NAME = "$(TARGET_NAME)";
				SWIFT_EMIT_LOC_STRINGS = YES;
				SWIFT_VERSION = 5.0;
				TARGETED_DEVICE_FAMILY = "1,2";
			};
			name = Release;
		};
/* End XCBuildConfiguration section */

/* Begin XCConfigurationList section */
		2EF53923293E349B00660F06 /* Build configuration list for PBXProject "AppStoreJSONApis" */ = {
			isa = XCConfigurationList;
			buildConfigurations = (
				2EF5393A293E349C00660F06 /* Debug */,
				2EF5393B293E349C00660F06 /* Release */,
			);
			defaultConfigurationIsVisible = 0;
			defaultConfigurationName = Release;
		};
		2EF5393C293E349C00660F06 /* Build configuration list for PBXNativeTarget "AppStoreJSONApis" */ = {
			isa = XCConfigurationList;
			buildConfigurations = (
				2EF5393D293E349C00660F06 /* Debug */,
				2EF5393E293E349C00660F06 /* Release */,
			);
			defaultConfigurationIsVisible = 0;
			defaultConfigurationName = Release;
		};
/* End XCConfigurationList section */
	};
	rootObject = 2EF53920293E349B00660F06 /* Project object */;
}
